// !$*UTF8*$!
{
	archiveVersion = 1;
	classes = {
	};
	objectVersion = 56;
	objects = {

/* Begin PBXBuildFile section */
		1B1840D02AD59DB000A6335B /* ScriptingBridge.framework in Frameworks */ = {isa = PBXBuildFile; fileRef = 1B1840CF2AD59DB000A6335B /* ScriptingBridge.framework */; };
		1B1E7FDB2ACCA2E6009BA975 /* Csshx.swift in Sources */ = {isa = PBXBuildFile; fileRef = 1B1E7FDA2ACCA2E6009BA975 /* Csshx.swift */; };
		1B1E7FDE2ACCA391009BA975 /* ArgumentParser in Frameworks */ = {isa = PBXBuildFile; productRef = 1B1E7FDD2ACCA391009BA975 /* ArgumentParser */; };
		1B6FBCF72B002ADF00677D27 /* ConfigReader.swift in Sources */ = {isa = PBXBuildFile; fileRef = 1B6FBCE22B002ADF00677D27 /* ConfigReader.swift */; };
		1B6FBCF82B002ADF00677D27 /* Logging.swift in Sources */ = {isa = PBXBuildFile; fileRef = 1B6FBCE32B002ADF00677D27 /* Logging.swift */; };
		1B6FBCF92B002ADF00677D27 /* Terminal.swift in Sources */ = {isa = PBXBuildFile; fileRef = 1B6FBCE52B002ADF00677D27 /* Terminal.swift */; };
		1B6FBCFA2B002ADF00677D27 /* HostList.swift in Sources */ = {isa = PBXBuildFile; fileRef = 1B6FBCE62B002ADF00677D27 /* HostList.swift */; };
		1B6FBCFB2B002ADF00677D27 /* TerminalTab.swift in Sources */ = {isa = PBXBuildFile; fileRef = 1B6FBCE72B002ADF00677D27 /* TerminalTab.swift */; };
		1B6FBCFC2B002ADF00677D27 /* Misc.swift in Sources */ = {isa = PBXBuildFile; fileRef = 1B6FBCE82B002ADF00677D27 /* Misc.swift */; };
		1B6FBCFD2B002ADF00677D27 /* DispatchSource.swift in Sources */ = {isa = PBXBuildFile; fileRef = 1B6FBCE92B002ADF00677D27 /* DispatchSource.swift */; };
		1B6FBCFE2B002ADF00677D27 /* FileReader.swift in Sources */ = {isa = PBXBuildFile; fileRef = 1B6FBCEA2B002ADF00677D27 /* FileReader.swift */; };
		1B6FBCFF2B002ADF00677D27 /* DispatchIO.swift in Sources */ = {isa = PBXBuildFile; fileRef = 1B6FBCEB2B002ADF00677D27 /* DispatchIO.swift */; };
		1B6FBD002B002ADF00677D27 /* Controller.swift in Sources */ = {isa = PBXBuildFile; fileRef = 1B6FBCED2B002ADF00677D27 /* Controller.swift */; };
		1B6FBD012B002ADF00677D27 /* HostWindow.swift in Sources */ = {isa = PBXBuildFile; fileRef = 1B6FBCEE2B002ADF00677D27 /* HostWindow.swift */; };
		1B6FBD022B002ADF00677D27 /* WindowLayoutManager.swift in Sources */ = {isa = PBXBuildFile; fileRef = 1B6FBCEF2B002ADF00677D27 /* WindowLayoutManager.swift */; };
		1B6FBD032B002ADF00677D27 /* UserInterface.swift in Sources */ = {isa = PBXBuildFile; fileRef = 1B6FBCF02B002ADF00677D27 /* UserInterface.swift */; };
		1B6FBD042B002ADF00677D27 /* Settings.swift in Sources */ = {isa = PBXBuildFile; fileRef = 1B6FBCF12B002ADF00677D27 /* Settings.swift */; };
		1B6FBD052B002ADF00677D27 /* ControllerCommand.swift in Sources */ = {isa = PBXBuildFile; fileRef = 1B6FBCF32B002ADF00677D27 /* ControllerCommand.swift */; };
		1B6FBD062B002ADF00677D27 /* Arguments.swift in Sources */ = {isa = PBXBuildFile; fileRef = 1B6FBCF42B002ADF00677D27 /* Arguments.swift */; };
		1B6FBD072B002ADF00677D27 /* HostCommand.swift in Sources */ = {isa = PBXBuildFile; fileRef = 1B6FBCF52B002ADF00677D27 /* HostCommand.swift */; };
		1B6FBD082B002ADF00677D27 /* Launcher.swift in Sources */ = {isa = PBXBuildFile; fileRef = 1B6FBCF62B002ADF00677D27 /* Launcher.swift */; };
		1B6FBD142B002B1200677D27 /* Terminal+AEDesc.m in Sources */ = {isa = PBXBuildFile; fileRef = 1B6FBD0A2B002B1100677D27 /* Terminal+AEDesc.m */; };
		1B6FBD152B002B1200677D27 /* WBAEFunctions.m in Sources */ = {isa = PBXBuildFile; fileRef = 1B6FBD0B2B002B1100677D27 /* WBAEFunctions.m */; };
		1B6FBD162B002B1200677D27 /* Terminal.m in Sources */ = {isa = PBXBuildFile; fileRef = 1B6FBD0C2B002B1200677D27 /* Terminal.m */; };
		1B6FBD172B002B1200677D27 /* Bridge.m in Sources */ = {isa = PBXBuildFile; fileRef = 1B6FBD0D2B002B1200677D27 /* Bridge.m */; };
		1B6FBD182B002BB300677D27 /* HostList.swift in Sources */ = {isa = PBXBuildFile; fileRef = 1B6FBCE62B002ADF00677D27 /* HostList.swift */; };
		1B6FBD192B002BB300677D27 /* Misc.swift in Sources */ = {isa = PBXBuildFile; fileRef = 1B6FBCE82B002ADF00677D27 /* Misc.swift */; };
		1B6FBD1A2B002BBF00677D27 /* Logging.swift in Sources */ = {isa = PBXBuildFile; fileRef = 1B6FBCE32B002ADF00677D27 /* Logging.swift */; };
		1B6FBD1B2B002BC600677D27 /* FileReader.swift in Sources */ = {isa = PBXBuildFile; fileRef = 1B6FBCEA2B002ADF00677D27 /* FileReader.swift */; };
		1B8F23022AE3C9FB000B4E93 /* SystemPackage in Frameworks */ = {isa = PBXBuildFile; productRef = 1B8F23012AE3C9FB000B4E93 /* SystemPackage */; };
		1BA21F842ADDA3FA00F85A1E /* csshx_tests.swift in Sources */ = {isa = PBXBuildFile; fileRef = 1BA21F832ADDA3FA00F85A1E /* csshx_tests.swift */; };
		1BC5233E2ADDAF1300FF4FEC /* HostListTests.swift in Sources */ = {isa = PBXBuildFile; fileRef = 1BC5233D2ADDAF1300FF4FEC /* HostListTests.swift */; };
		1BDD546D2AED7CBA0021BE00 /* LayoutManager.swift in Sources */ = {isa = PBXBuildFile; fileRef = 1BDD546C2AED7CBA0021BE00 /* LayoutManager.swift */; };
/* End PBXBuildFile section */

/* Begin PBXCopyFilesBuildPhase section */
		1B1E7FCE2ACCA2D1009BA975 /* CopyFiles */ = {
			isa = PBXCopyFilesBuildPhase;
			buildActionMask = 2147483647;
			dstPath = /usr/share/man/man1/;
			dstSubfolderSpec = 0;
			files = (
			);
			runOnlyForDeploymentPostprocessing = 1;
		};
/* End PBXCopyFilesBuildPhase section */

/* Begin PBXFileReference section */
		1B021A682AD9510E00255894 /* README.md */ = {isa = PBXFileReference; lastKnownFileType = net.daringfireball.markdown; path = README.md; sourceTree = "<group>"; };
		1B1840CF2AD59DB000A6335B /* ScriptingBridge.framework */ = {isa = PBXFileReference; lastKnownFileType = wrapper.framework; name = ScriptingBridge.framework; path = System/Library/Frameworks/ScriptingBridge.framework; sourceTree = SDKROOT; };
		1B1E7FD02ACCA2D1009BA975 /* csshx */ = {isa = PBXFileReference; explicitFileType = "compiled.mach-o.executable"; includeInIndex = 0; path = csshx; sourceTree = BUILT_PRODUCTS_DIR; };
		1B1E7FDA2ACCA2E6009BA975 /* Csshx.swift */ = {isa = PBXFileReference; lastKnownFileType = sourcecode.swift; path = Csshx.swift; sourceTree = "<group>"; };
		1B1E7FDF2ACCA607009BA975 /* csshX */ = {isa = PBXFileReference; lastKnownFileType = text.script.perl; path = csshX; sourceTree = "<group>"; };
		1B6FBCE22B002ADF00677D27 /* ConfigReader.swift */ = {isa = PBXFileReference; fileEncoding = 4; lastKnownFileType = sourcecode.swift; path = ConfigReader.swift; sourceTree = "<group>"; };
		1B6FBCE32B002ADF00677D27 /* Logging.swift */ = {isa = PBXFileReference; fileEncoding = 4; lastKnownFileType = sourcecode.swift; path = Logging.swift; sourceTree = "<group>"; };
		1B6FBCE52B002ADF00677D27 /* Terminal.swift */ = {isa = PBXFileReference; fileEncoding = 4; lastKnownFileType = sourcecode.swift; path = Terminal.swift; sourceTree = "<group>"; };
		1B6FBCE62B002ADF00677D27 /* HostList.swift */ = {isa = PBXFileReference; fileEncoding = 4; lastKnownFileType = sourcecode.swift; path = HostList.swift; sourceTree = "<group>"; };
		1B6FBCE72B002ADF00677D27 /* TerminalTab.swift */ = {isa = PBXFileReference; fileEncoding = 4; lastKnownFileType = sourcecode.swift; path = TerminalTab.swift; sourceTree = "<group>"; };
		1B6FBCE82B002ADF00677D27 /* Misc.swift */ = {isa = PBXFileReference; fileEncoding = 4; lastKnownFileType = sourcecode.swift; path = Misc.swift; sourceTree = "<group>"; };
		1B6FBCE92B002ADF00677D27 /* DispatchSource.swift */ = {isa = PBXFileReference; fileEncoding = 4; lastKnownFileType = sourcecode.swift; path = DispatchSource.swift; sourceTree = "<group>"; };
		1B6FBCEA2B002ADF00677D27 /* FileReader.swift */ = {isa = PBXFileReference; fileEncoding = 4; lastKnownFileType = sourcecode.swift; path = FileReader.swift; sourceTree = "<group>"; };
		1B6FBCEB2B002ADF00677D27 /* DispatchIO.swift */ = {isa = PBXFileReference; fileEncoding = 4; lastKnownFileType = sourcecode.swift; path = DispatchIO.swift; sourceTree = "<group>"; };
		1B6FBCED2B002ADF00677D27 /* Controller.swift */ = {isa = PBXFileReference; fileEncoding = 4; lastKnownFileType = sourcecode.swift; path = Controller.swift; sourceTree = "<group>"; };
		1B6FBCEE2B002ADF00677D27 /* HostWindow.swift */ = {isa = PBXFileReference; fileEncoding = 4; lastKnownFileType = sourcecode.swift; path = HostWindow.swift; sourceTree = "<group>"; };
		1B6FBCEF2B002ADF00677D27 /* WindowLayoutManager.swift */ = {isa = PBXFileReference; fileEncoding = 4; lastKnownFileType = sourcecode.swift; path = WindowLayoutManager.swift; sourceTree = "<group>"; };
		1B6FBCF02B002ADF00677D27 /* UserInterface.swift */ = {isa = PBXFileReference; fileEncoding = 4; lastKnownFileType = sourcecode.swift; path = UserInterface.swift; sourceTree = "<group>"; };
		1B6FBCF12B002ADF00677D27 /* Settings.swift */ = {isa = PBXFileReference; fileEncoding = 4; lastKnownFileType = sourcecode.swift; path = Settings.swift; sourceTree = "<group>"; };
		1B6FBCF32B002ADF00677D27 /* ControllerCommand.swift */ = {isa = PBXFileReference; fileEncoding = 4; lastKnownFileType = sourcecode.swift; path = ControllerCommand.swift; sourceTree = "<group>"; };
		1B6FBCF42B002ADF00677D27 /* Arguments.swift */ = {isa = PBXFileReference; fileEncoding = 4; lastKnownFileType = sourcecode.swift; path = Arguments.swift; sourceTree = "<group>"; };
		1B6FBCF52B002ADF00677D27 /* HostCommand.swift */ = {isa = PBXFileReference; fileEncoding = 4; lastKnownFileType = sourcecode.swift; path = HostCommand.swift; sourceTree = "<group>"; };
		1B6FBCF62B002ADF00677D27 /* Launcher.swift */ = {isa = PBXFileReference; fileEncoding = 4; lastKnownFileType = sourcecode.swift; path = Launcher.swift; sourceTree = "<group>"; };
		1B6FBD092B002B1100677D27 /* WBAEFunctions.h */ = {isa = PBXFileReference; fileEncoding = 4; lastKnownFileType = sourcecode.c.h; path = WBAEFunctions.h; sourceTree = "<group>"; };
		1B6FBD0A2B002B1100677D27 /* Terminal+AEDesc.m */ = {isa = PBXFileReference; fileEncoding = 4; lastKnownFileType = sourcecode.c.objc; path = "Terminal+AEDesc.m"; sourceTree = "<group>"; };
		1B6FBD0B2B002B1100677D27 /* WBAEFunctions.m */ = {isa = PBXFileReference; fileEncoding = 4; lastKnownFileType = sourcecode.c.objc; path = WBAEFunctions.m; sourceTree = "<group>"; };
		1B6FBD0C2B002B1200677D27 /* Terminal.m */ = {isa = PBXFileReference; fileEncoding = 4; lastKnownFileType = sourcecode.c.objc; path = Terminal.m; sourceTree = "<group>"; };
		1B6FBD0D2B002B1200677D27 /* Bridge.m */ = {isa = PBXFileReference; fileEncoding = 4; lastKnownFileType = sourcecode.c.objc; path = Bridge.m; sourceTree = "<group>"; };
		1B6FBD0E2B002B1200677D27 /* CGSPrivate.h */ = {isa = PBXFileReference; fileEncoding = 4; lastKnownFileType = sourcecode.c.h; path = CGSPrivate.h; sourceTree = "<group>"; };
		1B6FBD102B002B1200677D27 /* Bridge.h */ = {isa = PBXFileReference; fileEncoding = 4; lastKnownFileType = sourcecode.c.h; path = Bridge.h; sourceTree = "<group>"; };
		1B6FBD112B002B1200677D27 /* Terminal.h */ = {isa = PBXFileReference; fileEncoding = 4; lastKnownFileType = sourcecode.c.h; path = Terminal.h; sourceTree = "<group>"; };
		1B6FBD122B002B1200677D27 /* CsshxBridge.h */ = {isa = PBXFileReference; fileEncoding = 4; lastKnownFileType = sourcecode.c.h; path = CsshxBridge.h; sourceTree = "<group>"; };
		1B6FBD132B002B1200677D27 /* Terminal+AEDesc.h */ = {isa = PBXFileReference; fileEncoding = 4; lastKnownFileType = sourcecode.c.h; path = "Terminal+AEDesc.h"; sourceTree = "<group>"; };
		1B6FBD1C2B002D2600677D27 /* Info.plist */ = {isa = PBXFileReference; lastKnownFileType = text.plist.xml; path = Info.plist; sourceTree = "<group>"; };
		1B8E5DC12AD5F4FA00263910 /* csshx.entitlements */ = {isa = PBXFileReference; lastKnownFileType = text.plist.entitlements; path = csshx.entitlements; sourceTree = "<group>"; };
		1BA21F812ADDA3FA00F85A1E /* csshx-tests.xctest */ = {isa = PBXFileReference; explicitFileType = wrapper.cfbundle; includeInIndex = 0; path = "csshx-tests.xctest"; sourceTree = BUILT_PRODUCTS_DIR; };
		1BA21F832ADDA3FA00F85A1E /* csshx_tests.swift */ = {isa = PBXFileReference; lastKnownFileType = sourcecode.swift; path = csshx_tests.swift; sourceTree = "<group>"; };
		1BA21F8A2ADDA4D400F85A1E /* csshx.xctestplan */ = {isa = PBXFileReference; lastKnownFileType = text; path = csshx.xctestplan; sourceTree = "<group>"; };
		1BC5233D2ADDAF1300FF4FEC /* HostListTests.swift */ = {isa = PBXFileReference; lastKnownFileType = sourcecode.swift; path = HostListTests.swift; sourceTree = "<group>"; };
		1BDD546C2AED7CBA0021BE00 /* LayoutManager.swift */ = {isa = PBXFileReference; lastKnownFileType = sourcecode.swift; path = LayoutManager.swift; sourceTree = "<group>"; };
/* End PBXFileReference section */

/* Begin PBXFrameworksBuildPhase section */
		1B1E7FCD2ACCA2D1009BA975 /* Frameworks */ = {
			isa = PBXFrameworksBuildPhase;
			buildActionMask = 2147483647;
			files = (
				1B1840D02AD59DB000A6335B /* ScriptingBridge.framework in Frameworks */,
				1B8F23022AE3C9FB000B4E93 /* SystemPackage in Frameworks */,
				1B1E7FDE2ACCA391009BA975 /* ArgumentParser in Frameworks */,
			);
			runOnlyForDeploymentPostprocessing = 0;
		};
		1BA21F7E2ADDA3FA00F85A1E /* Frameworks */ = {
			isa = PBXFrameworksBuildPhase;
			buildActionMask = 2147483647;
			files = (
			);
			runOnlyForDeploymentPostprocessing = 0;
		};
/* End PBXFrameworksBuildPhase section */

/* Begin PBXGroup section */
		1B1840CE2AD59DB000A6335B /* Frameworks */ = {
			isa = PBXGroup;
			children = (
				1B1840CF2AD59DB000A6335B /* ScriptingBridge.framework */,
			);
			name = Frameworks;
			sourceTree = "<group>";
		};
		1B1E7FC72ACCA2D1009BA975 = {
			isa = PBXGroup;
			children = (
				1BA21F8A2ADDA4D400F85A1E /* csshx.xctestplan */,
				1B021A682AD9510E00255894 /* README.md */,
				1B1E7FD22ACCA2D1009BA975 /* csshx */,
				1B6FBCE12B002ADF00677D27 /* csshx-core */,
				1B6798F12AFF72CD00364B6B /* csshx-bridge */,
				1BA21F822ADDA3FA00F85A1E /* csshx-tests */,
				1B1E7FD12ACCA2D1009BA975 /* Products */,
				1B1840CE2AD59DB000A6335B /* Frameworks */,
			);
			sourceTree = "<group>";
		};
		1B1E7FD12ACCA2D1009BA975 /* Products */ = {
			isa = PBXGroup;
			children = (
				1B1E7FD02ACCA2D1009BA975 /* csshx */,
				1BA21F812ADDA3FA00F85A1E /* csshx-tests.xctest */,
			);
			name = Products;
			sourceTree = "<group>";
		};
		1B1E7FD22ACCA2D1009BA975 /* csshx */ = {
			isa = PBXGroup;
			children = (
				1B1E7FDF2ACCA607009BA975 /* csshX */,
				1B6FBD1C2B002D2600677D27 /* Info.plist */,
				1B8E5DC12AD5F4FA00263910 /* csshx.entitlements */,
				1B6798F02AFF72B300364B6B /* src */,
			);
			path = csshx;
			sourceTree = "<group>";
		};
		1B6798F02AFF72B300364B6B /* src */ = {
			isa = PBXGroup;
			children = (
				1B1E7FDA2ACCA2E6009BA975 /* Csshx.swift */,
			);
			path = src;
			sourceTree = "<group>";
		};
		1B6798F12AFF72CD00364B6B /* csshx-bridge */ = {
			isa = PBXGroup;
			children = (
				1B6FBD0F2B002B1200677D27 /* include */,
				1B6FBD0E2B002B1200677D27 /* CGSPrivate.h */,
				1B6FBD0D2B002B1200677D27 /* Bridge.m */,
				1B6FBD0C2B002B1200677D27 /* Terminal.m */,
				1B6FBD0A2B002B1100677D27 /* Terminal+AEDesc.m */,
				1B6FBD092B002B1100677D27 /* WBAEFunctions.h */,
				1B6FBD0B2B002B1100677D27 /* WBAEFunctions.m */,
			);
			path = "csshx-bridge";
			sourceTree = "<group>";
		};
		1B6FBCE12B002ADF00677D27 /* csshx-core */ = {
			isa = PBXGroup;
			children = (
				1B6FBCF22B002ADF00677D27 /* commands */,
				1B6FBCEC2B002ADF00677D27 /* controller */,
				1B6FBCE42B002ADF00677D27 /* utils */,
				1B6FBCE32B002ADF00677D27 /* Logging.swift */,
				1B6FBCF12B002ADF00677D27 /* Settings.swift */,
				1B6FBCE22B002ADF00677D27 /* ConfigReader.swift */,
			);
			path = "csshx-core";
			sourceTree = "<group>";
		};
		1B6FBCE42B002ADF00677D27 /* utils */ = {
			isa = PBXGroup;
			children = (
				1B6FBCE52B002ADF00677D27 /* Terminal.swift */,
				1B6FBCE62B002ADF00677D27 /* HostList.swift */,
				1B6FBCE72B002ADF00677D27 /* TerminalTab.swift */,
				1B6FBCE82B002ADF00677D27 /* Misc.swift */,
				1B6FBCE92B002ADF00677D27 /* DispatchSource.swift */,
				1B6FBCEA2B002ADF00677D27 /* FileReader.swift */,
				1B6FBCEB2B002ADF00677D27 /* DispatchIO.swift */,
			);
			path = utils;
			sourceTree = "<group>";
		};
		1B6FBCEC2B002ADF00677D27 /* controller */ = {
			isa = PBXGroup;
			children = (
				1B6FBCED2B002ADF00677D27 /* Controller.swift */,
				1B6FBCEE2B002ADF00677D27 /* HostWindow.swift */,
				1B6FBCEF2B002ADF00677D27 /* WindowLayoutManager.swift */,
				1B6FBCF02B002ADF00677D27 /* UserInterface.swift */,
			);
			path = controller;
			sourceTree = "<group>";
		};
		1B6FBCF22B002ADF00677D27 /* commands */ = {
			isa = PBXGroup;
			children = (
				1B6FBCF32B002ADF00677D27 /* ControllerCommand.swift */,
				1B6FBCF42B002ADF00677D27 /* Arguments.swift */,
				1B6FBCF52B002ADF00677D27 /* HostCommand.swift */,
				1B6FBCF62B002ADF00677D27 /* Launcher.swift */,
			);
			path = commands;
			sourceTree = "<group>";
		};
		1B6FBD0F2B002B1200677D27 /* include */ = {
			isa = PBXGroup;
			children = (
				1B6FBD102B002B1200677D27 /* Bridge.h */,
				1B6FBD112B002B1200677D27 /* Terminal.h */,
				1B6FBD122B002B1200677D27 /* CsshxBridge.h */,
				1B6FBD132B002B1200677D27 /* Terminal+AEDesc.h */,
			);
			path = include;
			sourceTree = "<group>";
		};
		1BA21F822ADDA3FA00F85A1E /* csshx-tests */ = {
			isa = PBXGroup;
			children = (
				1BA21F832ADDA3FA00F85A1E /* csshx_tests.swift */,
				1BC5233D2ADDAF1300FF4FEC /* HostListTests.swift */,
				1BDD546C2AED7CBA0021BE00 /* LayoutManager.swift */,
			);
			path = "csshx-tests";
			sourceTree = "<group>";
		};
/* End PBXGroup section */

/* Begin PBXNativeTarget section */
		1B1E7FCF2ACCA2D1009BA975 /* csshx */ = {
			isa = PBXNativeTarget;
			buildConfigurationList = 1B1E7FD72ACCA2D1009BA975 /* Build configuration list for PBXNativeTarget "csshx" */;
			buildPhases = (
				1B1E7FCC2ACCA2D1009BA975 /* Sources */,
				1B1E7FCD2ACCA2D1009BA975 /* Frameworks */,
				1B1E7FCE2ACCA2D1009BA975 /* CopyFiles */,
			);
			buildRules = (
			);
			dependencies = (
			);
			name = csshx;
			packageProductDependencies = (
				1B1E7FDD2ACCA391009BA975 /* ArgumentParser */,
				1B8F23012AE3C9FB000B4E93 /* SystemPackage */,
			);
			productName = csshx;
			productReference = 1B1E7FD02ACCA2D1009BA975 /* csshx */;
			productType = "com.apple.product-type.tool";
		};
		1BA21F802ADDA3FA00F85A1E /* csshx-tests */ = {
			isa = PBXNativeTarget;
			buildConfigurationList = 1BA21F872ADDA3FA00F85A1E /* Build configuration list for PBXNativeTarget "csshx-tests" */;
			buildPhases = (
				1BA21F7D2ADDA3FA00F85A1E /* Sources */,
				1BA21F7E2ADDA3FA00F85A1E /* Frameworks */,
				1BA21F7F2ADDA3FA00F85A1E /* Resources */,
			);
			buildRules = (
			);
			dependencies = (
			);
			name = "csshx-tests";
			productName = "csshx-tests";
			productReference = 1BA21F812ADDA3FA00F85A1E /* csshx-tests.xctest */;
			productType = "com.apple.product-type.bundle.unit-test";
		};
/* End PBXNativeTarget section */

/* Begin PBXProject section */
		1B1E7FC82ACCA2D1009BA975 /* Project object */ = {
			isa = PBXProject;
			attributes = {
				BuildIndependentTargetsInParallel = 1;
				LastSwiftUpdateCheck = 1500;
				LastUpgradeCheck = 1500;
				TargetAttributes = {
					1B1E7FCF2ACCA2D1009BA975 = {
						CreatedOnToolsVersion = 15.0;
						LastSwiftMigration = 1500;
					};
					1BA21F802ADDA3FA00F85A1E = {
						CreatedOnToolsVersion = 15.0;
					};
				};
			};
			buildConfigurationList = 1B1E7FCB2ACCA2D1009BA975 /* Build configuration list for PBXProject "csshx" */;
			compatibilityVersion = "Xcode 14.0";
			developmentRegion = en;
			hasScannedForEncodings = 0;
			knownRegions = (
				en,
				Base,
			);
			mainGroup = 1B1E7FC72ACCA2D1009BA975;
			packageReferences = (
				1B1E7FDC2ACCA391009BA975 /* XCRemoteSwiftPackageReference "swift-argument-parser" */,
				1B8F23002AE3C9FB000B4E93 /* XCRemoteSwiftPackageReference "swift-system" */,
			);
			productRefGroup = 1B1E7FD12ACCA2D1009BA975 /* Products */;
			projectDirPath = "";
			projectRoot = "";
			targets = (
				1B1E7FCF2ACCA2D1009BA975 /* csshx */,
				1BA21F802ADDA3FA00F85A1E /* csshx-tests */,
			);
		};
/* End PBXProject section */

/* Begin PBXResourcesBuildPhase section */
		1BA21F7F2ADDA3FA00F85A1E /* Resources */ = {
			isa = PBXResourcesBuildPhase;
			buildActionMask = 2147483647;
			files = (
			);
			runOnlyForDeploymentPostprocessing = 0;
		};
/* End PBXResourcesBuildPhase section */

/* Begin PBXSourcesBuildPhase section */
		1B1E7FCC2ACCA2D1009BA975 /* Sources */ = {
			isa = PBXSourcesBuildPhase;
			buildActionMask = 2147483647;
			files = (
				1B1E7FDB2ACCA2E6009BA975 /* Csshx.swift in Sources */,
				1B6FBD062B002ADF00677D27 /* Arguments.swift in Sources */,
				1B6FBD042B002ADF00677D27 /* Settings.swift in Sources */,
				1B6FBCFE2B002ADF00677D27 /* FileReader.swift in Sources */,
				1B6FBCF72B002ADF00677D27 /* ConfigReader.swift in Sources */,
				1B6FBCF82B002ADF00677D27 /* Logging.swift in Sources */,
				1B6FBCFF2B002ADF00677D27 /* DispatchIO.swift in Sources */,
				1B6FBD022B002ADF00677D27 /* WindowLayoutManager.swift in Sources */,
				1B6FBCFB2B002ADF00677D27 /* TerminalTab.swift in Sources */,
				1B6FBCFA2B002ADF00677D27 /* HostList.swift in Sources */,
				1B6FBCFD2B002ADF00677D27 /* DispatchSource.swift in Sources */,
				1B6FBD002B002ADF00677D27 /* Controller.swift in Sources */,
				1B6FBD172B002B1200677D27 /* Bridge.m in Sources */,
				1B6FBCF92B002ADF00677D27 /* Terminal.swift in Sources */,
				1B6FBD162B002B1200677D27 /* Terminal.m in Sources */,
				1B6FBD032B002ADF00677D27 /* UserInterface.swift in Sources */,
				1B6FBD082B002ADF00677D27 /* Launcher.swift in Sources */,
				1B6FBD072B002ADF00677D27 /* HostCommand.swift in Sources */,
				1B6FBD142B002B1200677D27 /* Terminal+AEDesc.m in Sources */,
				1B6FBD052B002ADF00677D27 /* ControllerCommand.swift in Sources */,
				1B6FBCFC2B002ADF00677D27 /* Misc.swift in Sources */,
				1B6FBD012B002ADF00677D27 /* HostWindow.swift in Sources */,
				1B6FBD152B002B1200677D27 /* WBAEFunctions.m in Sources */,
			);
			runOnlyForDeploymentPostprocessing = 0;
		};
		1BA21F7D2ADDA3FA00F85A1E /* Sources */ = {
			isa = PBXSourcesBuildPhase;
			buildActionMask = 2147483647;
			files = (
				1BDD546D2AED7CBA0021BE00 /* LayoutManager.swift in Sources */,
				1B6FBD1A2B002BBF00677D27 /* Logging.swift in Sources */,
				1B6FBD1B2B002BC600677D27 /* FileReader.swift in Sources */,
				1BA21F842ADDA3FA00F85A1E /* csshx_tests.swift in Sources */,
				1BC5233E2ADDAF1300FF4FEC /* HostListTests.swift in Sources */,
				1B6FBD192B002BB300677D27 /* Misc.swift in Sources */,
				1B6FBD182B002BB300677D27 /* HostList.swift in Sources */,
			);
			runOnlyForDeploymentPostprocessing = 0;
		};
/* End PBXSourcesBuildPhase section */

/* Begin XCBuildConfiguration section */
		1B1E7FD52ACCA2D1009BA975 /* Debug */ = {
			isa = XCBuildConfiguration;
			buildSettings = {
				ALWAYS_SEARCH_USER_PATHS = NO;
				ASSETCATALOG_COMPILER_GENERATE_SWIFT_ASSET_SYMBOL_EXTENSIONS = YES;
				CLANG_ANALYZER_NONNULL = YES;
				CLANG_ANALYZER_NUMBER_OBJECT_CONVERSION = YES_AGGRESSIVE;
				CLANG_CXX_LANGUAGE_STANDARD = "gnu++20";
				CLANG_ENABLE_MODULES = YES;
				CLANG_ENABLE_OBJC_ARC = YES;
				CLANG_ENABLE_OBJC_WEAK = YES;
				CLANG_WARN_BLOCK_CAPTURE_AUTORELEASING = YES;
				CLANG_WARN_BOOL_CONVERSION = YES;
				CLANG_WARN_COMMA = YES;
				CLANG_WARN_CONSTANT_CONVERSION = YES;
				CLANG_WARN_DEPRECATED_OBJC_IMPLEMENTATIONS = YES;
				CLANG_WARN_DIRECT_OBJC_ISA_USAGE = YES_ERROR;
				CLANG_WARN_DOCUMENTATION_COMMENTS = YES;
				CLANG_WARN_EMPTY_BODY = YES;
				CLANG_WARN_ENUM_CONVERSION = YES;
				CLANG_WARN_INFINITE_RECURSION = YES;
				CLANG_WARN_INT_CONVERSION = YES;
				CLANG_WARN_NON_LITERAL_NULL_CONVERSION = YES;
				CLANG_WARN_OBJC_IMPLICIT_RETAIN_SELF = YES;
				CLANG_WARN_OBJC_LITERAL_CONVERSION = YES;
				CLANG_WARN_OBJC_ROOT_CLASS = YES_ERROR;
				CLANG_WARN_QUOTED_INCLUDE_IN_FRAMEWORK_HEADER = YES;
				CLANG_WARN_RANGE_LOOP_ANALYSIS = YES;
				CLANG_WARN_STRICT_PROTOTYPES = YES;
				CLANG_WARN_SUSPICIOUS_MOVE = YES;
				CLANG_WARN_UNGUARDED_AVAILABILITY = YES_AGGRESSIVE;
				CLANG_WARN_UNREACHABLE_CODE = YES;
				CLANG_WARN__DUPLICATE_METHOD_MATCH = YES;
				COPY_PHASE_STRIP = NO;
				CURRENT_PROJECT_VERSION = 1;
				DEBUG_INFORMATION_FORMAT = dwarf;
				ENABLE_STRICT_OBJC_MSGSEND = YES;
				ENABLE_TESTABILITY = YES;
				ENABLE_USER_SCRIPT_SANDBOXING = YES;
				GCC_C_LANGUAGE_STANDARD = gnu17;
				GCC_DYNAMIC_NO_PIC = NO;
				GCC_NO_COMMON_BLOCKS = YES;
				GCC_OPTIMIZATION_LEVEL = 0;
				GCC_PREPROCESSOR_DEFINITIONS = (
					"DEBUG=1",
					"$(inherited)",
				);
				GCC_WARN_64_TO_32_BIT_CONVERSION = YES;
				GCC_WARN_ABOUT_RETURN_TYPE = YES_ERROR;
				GCC_WARN_UNDECLARED_SELECTOR = YES;
				GCC_WARN_UNINITIALIZED_AUTOS = YES_AGGRESSIVE;
				GCC_WARN_UNUSED_FUNCTION = YES;
				GCC_WARN_UNUSED_VARIABLE = YES;
				LOCALIZATION_PREFERS_STRING_CATALOGS = YES;
				MACOSX_DEPLOYMENT_TARGET = 13.5;
				MARKETING_VERSION = 1.0;
				MTL_FAST_MATH = YES;
				ONLY_ACTIVE_ARCH = YES;
				SDKROOT = macosx;
				SWIFT_ACTIVE_COMPILATION_CONDITIONS = "DEBUG $(inherited)";
				SWIFT_OPTIMIZATION_LEVEL = "-Onone";
			};
			name = Debug;
		};
		1B1E7FD62ACCA2D1009BA975 /* Release */ = {
			isa = XCBuildConfiguration;
			buildSettings = {
				ALWAYS_SEARCH_USER_PATHS = NO;
				ASSETCATALOG_COMPILER_GENERATE_SWIFT_ASSET_SYMBOL_EXTENSIONS = YES;
				CLANG_ANALYZER_NONNULL = YES;
				CLANG_ANALYZER_NUMBER_OBJECT_CONVERSION = YES_AGGRESSIVE;
				CLANG_CXX_LANGUAGE_STANDARD = "gnu++20";
				CLANG_ENABLE_MODULES = YES;
				CLANG_ENABLE_OBJC_ARC = YES;
				CLANG_ENABLE_OBJC_WEAK = YES;
				CLANG_WARN_BLOCK_CAPTURE_AUTORELEASING = YES;
				CLANG_WARN_BOOL_CONVERSION = YES;
				CLANG_WARN_COMMA = YES;
				CLANG_WARN_CONSTANT_CONVERSION = YES;
				CLANG_WARN_DEPRECATED_OBJC_IMPLEMENTATIONS = YES;
				CLANG_WARN_DIRECT_OBJC_ISA_USAGE = YES_ERROR;
				CLANG_WARN_DOCUMENTATION_COMMENTS = YES;
				CLANG_WARN_EMPTY_BODY = YES;
				CLANG_WARN_ENUM_CONVERSION = YES;
				CLANG_WARN_INFINITE_RECURSION = YES;
				CLANG_WARN_INT_CONVERSION = YES;
				CLANG_WARN_NON_LITERAL_NULL_CONVERSION = YES;
				CLANG_WARN_OBJC_IMPLICIT_RETAIN_SELF = YES;
				CLANG_WARN_OBJC_LITERAL_CONVERSION = YES;
				CLANG_WARN_OBJC_ROOT_CLASS = YES_ERROR;
				CLANG_WARN_QUOTED_INCLUDE_IN_FRAMEWORK_HEADER = YES;
				CLANG_WARN_RANGE_LOOP_ANALYSIS = YES;
				CLANG_WARN_STRICT_PROTOTYPES = YES;
				CLANG_WARN_SUSPICIOUS_MOVE = YES;
				CLANG_WARN_UNGUARDED_AVAILABILITY = YES_AGGRESSIVE;
				CLANG_WARN_UNREACHABLE_CODE = YES;
				CLANG_WARN__DUPLICATE_METHOD_MATCH = YES;
				COPY_PHASE_STRIP = NO;
				CURRENT_PROJECT_VERSION = 1;
				DEBUG_INFORMATION_FORMAT = "dwarf-with-dsym";
				ENABLE_NS_ASSERTIONS = NO;
				ENABLE_STRICT_OBJC_MSGSEND = YES;
				ENABLE_USER_SCRIPT_SANDBOXING = YES;
				GCC_C_LANGUAGE_STANDARD = gnu17;
				GCC_NO_COMMON_BLOCKS = YES;
				GCC_WARN_64_TO_32_BIT_CONVERSION = YES;
				GCC_WARN_ABOUT_RETURN_TYPE = YES_ERROR;
				GCC_WARN_UNDECLARED_SELECTOR = YES;
				GCC_WARN_UNINITIALIZED_AUTOS = YES_AGGRESSIVE;
				GCC_WARN_UNUSED_FUNCTION = YES;
				GCC_WARN_UNUSED_VARIABLE = YES;
				LOCALIZATION_PREFERS_STRING_CATALOGS = YES;
				MACOSX_DEPLOYMENT_TARGET = 13.5;
				MARKETING_VERSION = 1.0;
				MTL_FAST_MATH = YES;
				SDKROOT = macosx;
				SWIFT_COMPILATION_MODE = wholemodule;
			};
			name = Release;
		};
		1B1E7FD82ACCA2D1009BA975 /* Debug */ = {
			isa = XCBuildConfiguration;
			buildSettings = {
				CLANG_ENABLE_MODULES = YES;
				CODE_SIGN_ENTITLEMENTS = csshx/csshx.entitlements;
				"CODE_SIGN_IDENTITY[sdk=macosx*]" = "Apple Development";
				CODE_SIGN_STYLE = Automatic;
				CREATE_INFOPLIST_SECTION_IN_BINARY = YES;
				CURRENT_PROJECT_VERSION = 2;
				DEVELOPMENT_TEAM = 3DT6DNJE39;
				ENABLE_HARDENED_RUNTIME = YES;
				GENERATE_INFOPLIST_FILE = YES;
				INFOPLIST_FILE = "$(SRCROOT)/csshx/Info.plist";
				INFOPLIST_KEY_LSApplicationCategoryType = "public.app-category.utilities";
				INFOPLIST_KEY_NSAppleEventsUsageDescription = "Layout Terminal Windows";
				MARKETING_VERSION = 1.0.0;
				PRODUCT_BUNDLE_IDENTIFIER = com.xenonium.csshx;
				PRODUCT_NAME = "$(TARGET_NAME)";
				SWIFT_OBJC_BRIDGING_HEADER = "csshx-bridge/include/CsshxBridge.h";
				SWIFT_OPTIMIZATION_LEVEL = "-Onone";
				SWIFT_VERSION = 5.0;
			};
			name = Debug;
		};
		1B1E7FD92ACCA2D1009BA975 /* Release */ = {
			isa = XCBuildConfiguration;
			buildSettings = {
				CLANG_ENABLE_MODULES = YES;
				CODE_SIGN_ENTITLEMENTS = csshx/csshx.entitlements;
				"CODE_SIGN_IDENTITY[sdk=macosx*]" = "Apple Development";
				CODE_SIGN_STYLE = Automatic;
				CREATE_INFOPLIST_SECTION_IN_BINARY = YES;
				CURRENT_PROJECT_VERSION = 2;
				DEVELOPMENT_TEAM = 3DT6DNJE39;
				ENABLE_HARDENED_RUNTIME = YES;
				GENERATE_INFOPLIST_FILE = YES;
				INFOPLIST_FILE = "$(SRCROOT)/csshx/Info.plist";
				INFOPLIST_KEY_LSApplicationCategoryType = "public.app-category.utilities";
				INFOPLIST_KEY_NSAppleEventsUsageDescription = "Layout Terminal Windows";
				MARKETING_VERSION = 1.0.0;
				PRODUCT_BUNDLE_IDENTIFIER = com.xenonium.csshx;
				PRODUCT_NAME = "$(TARGET_NAME)";
				SWIFT_OBJC_BRIDGING_HEADER = "csshx-bridge/include/CsshxBridge.h";
				SWIFT_VERSION = 5.0;
			};
			name = Release;
		};
		1BA21F852ADDA3FA00F85A1E /* Debug */ = {
			isa = XCBuildConfiguration;
			buildSettings = {
				CODE_SIGN_STYLE = Automatic;
				CURRENT_PROJECT_VERSION = 1;
				DEVELOPMENT_TEAM = 3DT6DNJE39;
				GENERATE_INFOPLIST_FILE = YES;
				MARKETING_VERSION = 1.0;
				PRODUCT_BUNDLE_IDENTIFIER = "com.xenonium.csshx-tests";
				PRODUCT_NAME = "$(TARGET_NAME)";
				SWIFT_EMIT_LOC_STRINGS = NO;
				SWIFT_VERSION = 5.0;
			};
			name = Debug;
		};
		1BA21F862ADDA3FA00F85A1E /* Release */ = {
			isa = XCBuildConfiguration;
			buildSettings = {
				CODE_SIGN_STYLE = Automatic;
				CURRENT_PROJECT_VERSION = 1;
				DEVELOPMENT_TEAM = 3DT6DNJE39;
				GENERATE_INFOPLIST_FILE = YES;
				MARKETING_VERSION = 1.0;
				PRODUCT_BUNDLE_IDENTIFIER = "com.xenonium.csshx-tests";
				PRODUCT_NAME = "$(TARGET_NAME)";
				SWIFT_EMIT_LOC_STRINGS = NO;
				SWIFT_VERSION = 5.0;
			};
			name = Release;
		};
/* End XCBuildConfiguration section */

/* Begin XCConfigurationList section */
		1B1E7FCB2ACCA2D1009BA975 /* Build configuration list for PBXProject "csshx" */ = {
			isa = XCConfigurationList;
			buildConfigurations = (
				1B1E7FD52ACCA2D1009BA975 /* Debug */,
				1B1E7FD62ACCA2D1009BA975 /* Release */,
			);
			defaultConfigurationIsVisible = 0;
			defaultConfigurationName = Release;
		};
		1B1E7FD72ACCA2D1009BA975 /* Build configuration list for PBXNativeTarget "csshx" */ = {
			isa = XCConfigurationList;
			buildConfigurations = (
				1B1E7FD82ACCA2D1009BA975 /* Debug */,
				1B1E7FD92ACCA2D1009BA975 /* Release */,
			);
			defaultConfigurationIsVisible = 0;
			defaultConfigurationName = Release;
		};
		1BA21F872ADDA3FA00F85A1E /* Build configuration list for PBXNativeTarget "csshx-tests" */ = {
			isa = XCConfigurationList;
			buildConfigurations = (
				1BA21F852ADDA3FA00F85A1E /* Debug */,
				1BA21F862ADDA3FA00F85A1E /* Release */,
			);
			defaultConfigurationIsVisible = 0;
			defaultConfigurationName = Release;
		};
/* End XCConfigurationList section */

/* Begin XCRemoteSwiftPackageReference section */
		1B1E7FDC2ACCA391009BA975 /* XCRemoteSwiftPackageReference "swift-argument-parser" */ = {
			isa = XCRemoteSwiftPackageReference;
			repositoryURL = "https://github.com/apple/swift-argument-parser.git";
			requirement = {
				kind = upToNextMajorVersion;
				minimumVersion = 1.2.3;
			};
		};
		1B8F23002AE3C9FB000B4E93 /* XCRemoteSwiftPackageReference "swift-system" */ = {
			isa = XCRemoteSwiftPackageReference;
			repositoryURL = "https://github.com/apple/swift-system.git";
			requirement = {
				kind = upToNextMajorVersion;
				minimumVersion = 1.2.1;
			};
		};
/* End XCRemoteSwiftPackageReference section */

/* Begin XCSwiftPackageProductDependency section */
		1B1E7FDD2ACCA391009BA975 /* ArgumentParser */ = {
			isa = XCSwiftPackageProductDependency;
			package = 1B1E7FDC2ACCA391009BA975 /* XCRemoteSwiftPackageReference "swift-argument-parser" */;
			productName = ArgumentParser;
		};
		1B8F23012AE3C9FB000B4E93 /* SystemPackage */ = {
			isa = XCSwiftPackageProductDependency;
			package = 1B8F23002AE3C9FB000B4E93 /* XCRemoteSwiftPackageReference "swift-system" */;
			productName = SystemPackage;
		};
/* End XCSwiftPackageProductDependency section */
	};
	rootObject = 1B1E7FC82ACCA2D1009BA975 /* Project object */;
}
