// !$*UTF8*$!
{
	archiveVersion = 1;
	classes = {
	};
	objectVersion = 56;
	objects = {

/* Begin PBXBuildFile section */
		1B14A5BB2AE7E66B0013AB38 /* HostWindow.swift in Sources */ = {isa = PBXBuildFile; fileRef = 1B14A5BA2AE7E66B0013AB38 /* HostWindow.swift */; };
		1B14A5BD2AE7F6250013AB38 /* UserInterface.swift in Sources */ = {isa = PBXBuildFile; fileRef = 1B14A5BC2AE7F6250013AB38 /* UserInterface.swift */; };
		1B1840C22AD59A9900A6335B /* DispatchSource.swift in Sources */ = {isa = PBXBuildFile; fileRef = 1B1840C12AD59A9900A6335B /* DispatchSource.swift */; };
		1B1840C52AD59AE300A6335B /* Launcher.swift in Sources */ = {isa = PBXBuildFile; fileRef = 1B1840C42AD59AE300A6335B /* Launcher.swift */; };
		1B1840CD2AD59CBB00A6335B /* Terminal.m in Sources */ = {isa = PBXBuildFile; fileRef = 1B1840CC2AD59CBB00A6335B /* Terminal.m */; };
		1B1840D02AD59DB000A6335B /* ScriptingBridge.framework in Frameworks */ = {isa = PBXBuildFile; fileRef = 1B1840CF2AD59DB000A6335B /* ScriptingBridge.framework */; };
		1B1E7FDB2ACCA2E6009BA975 /* Csshx.swift in Sources */ = {isa = PBXBuildFile; fileRef = 1B1E7FDA2ACCA2E6009BA975 /* Csshx.swift */; };
		1B1E7FDE2ACCA391009BA975 /* ArgumentParser in Frameworks */ = {isa = PBXBuildFile; productRef = 1B1E7FDD2ACCA391009BA975 /* ArgumentParser */; };
		1B22989B2AD8818500DB0C31 /* Socket.swift in Sources */ = {isa = PBXBuildFile; fileRef = 1B22989A2AD8818500DB0C31 /* Socket.swift */; };
		1B4245822AD4952700137DD8 /* Settings.swift in Sources */ = {isa = PBXBuildFile; fileRef = 1B4245812AD4952700137DD8 /* Settings.swift */; };
		1B5F44012AD8A076003045E6 /* Bridge.m in Sources */ = {isa = PBXBuildFile; fileRef = 1B5F44002AD8A076003045E6 /* Bridge.m */; };
		1B5F94BA2AE6FE7300F7D3B4 /* WindowLayoutManager.swift in Sources */ = {isa = PBXBuildFile; fileRef = 1B5F94B92AE6FE7300F7D3B4 /* WindowLayoutManager.swift */; };
		1B71D8B72AD764D0005CC0FE /* HostCommand.swift in Sources */ = {isa = PBXBuildFile; fileRef = 1B71D8B62AD764D0005CC0FE /* HostCommand.swift */; };
		1B71D8B92AD76535005CC0FE /* Misc.swift in Sources */ = {isa = PBXBuildFile; fileRef = 1B71D8B82AD76535005CC0FE /* Misc.swift */; };
		1B7FA1062AE84EC900F447F4 /* WBAEFunctions.mm in Sources */ = {isa = PBXBuildFile; fileRef = 1B7FA1052AE84EC900F447F4 /* WBAEFunctions.mm */; };
		1B7FA1072AE8531100F447F4 /* Terminal+AEDesc.m in Sources */ = {isa = PBXBuildFile; fileRef = 1B5F94BC2AE7A4D900F7D3B4 /* Terminal+AEDesc.m */; };
		1B8A64A42ADB31440008DA98 /* ConfigReader.swift in Sources */ = {isa = PBXBuildFile; fileRef = 1B8A64A32ADB31440008DA98 /* ConfigReader.swift */; };
		1B8E5DBE2AD5BE4700263910 /* Terminal.swift in Sources */ = {isa = PBXBuildFile; fileRef = 1B8E5DBD2AD5BE4700263910 /* Terminal.swift */; };
		1B8E5DC02AD5EAAF00263910 /* TerminalTab.swift in Sources */ = {isa = PBXBuildFile; fileRef = 1B8E5DBF2AD5EAAF00263910 /* TerminalTab.swift */; };
		1B8F22FF2AE3C974000B4E93 /* FileReader.swift in Sources */ = {isa = PBXBuildFile; fileRef = 1B8F22FE2AE3C974000B4E93 /* FileReader.swift */; };
		1B8F23022AE3C9FB000B4E93 /* SystemPackage in Frameworks */ = {isa = PBXBuildFile; productRef = 1B8F23012AE3C9FB000B4E93 /* SystemPackage */; };
		1B9CB9C92AD724D70053DF33 /* ControllerCommand.swift in Sources */ = {isa = PBXBuildFile; fileRef = 1B9CB9C82AD724D70053DF33 /* ControllerCommand.swift */; };
		1BA21F842ADDA3FA00F85A1E /* csshx_tests.swift in Sources */ = {isa = PBXBuildFile; fileRef = 1BA21F832ADDA3FA00F85A1E /* csshx_tests.swift */; };
		1BA21F892ADDA44A00F85A1E /* Misc.swift in Sources */ = {isa = PBXBuildFile; fileRef = 1B71D8B82AD76535005CC0FE /* Misc.swift */; };
		1BA8237B2AD0A032006913CF /* Arguments.swift in Sources */ = {isa = PBXBuildFile; fileRef = 1BA8237A2AD0A032006913CF /* Arguments.swift */; };
		1BAE2F1B2AE0591300DDFF02 /* Controller.swift in Sources */ = {isa = PBXBuildFile; fileRef = 1BAE2F1A2AE0591300DDFF02 /* Controller.swift */; };
		1BC523392ADDAEC200FF4FEC /* HostList.swift in Sources */ = {isa = PBXBuildFile; fileRef = 1BC523382ADDAEC200FF4FEC /* HostList.swift */; };
		1BC5233A2ADDAEE700FF4FEC /* HostList.swift in Sources */ = {isa = PBXBuildFile; fileRef = 1BC523382ADDAEC200FF4FEC /* HostList.swift */; };
		1BC5233E2ADDAF1300FF4FEC /* HostListTests.swift in Sources */ = {isa = PBXBuildFile; fileRef = 1BC5233D2ADDAF1300FF4FEC /* HostListTests.swift */; };
		1BDD546D2AED7CBA0021BE00 /* LayoutManager.swift in Sources */ = {isa = PBXBuildFile; fileRef = 1BDD546C2AED7CBA0021BE00 /* LayoutManager.swift */; };
		1BDD546F2AED7DAB0021BE00 /* Terminal.swift in Sources */ = {isa = PBXBuildFile; fileRef = 1B8E5DBD2AD5BE4700263910 /* Terminal.swift */; };
		1BDD54722AED7F6C0021BE00 /* FileReader.swift in Sources */ = {isa = PBXBuildFile; fileRef = 1B8F22FE2AE3C974000B4E93 /* FileReader.swift */; };
/* End PBXBuildFile section */

/* Begin PBXCopyFilesBuildPhase section */
		1B1E7FCE2ACCA2D1009BA975 /* CopyFiles */ = {
			isa = PBXCopyFilesBuildPhase;
			buildActionMask = 2147483647;
			dstPath = /usr/share/man/man1/;
			dstSubfolderSpec = 0;
			files = (
			);
			runOnlyForDeploymentPostprocessing = 1;
		};
/* End PBXCopyFilesBuildPhase section */

/* Begin PBXFileReference section */
		1B021A682AD9510E00255894 /* README.md */ = {isa = PBXFileReference; lastKnownFileType = net.daringfireball.markdown; path = README.md; sourceTree = "<group>"; };
		1B14A5BA2AE7E66B0013AB38 /* HostWindow.swift */ = {isa = PBXFileReference; lastKnownFileType = sourcecode.swift; path = HostWindow.swift; sourceTree = "<group>"; };
		1B14A5BC2AE7F6250013AB38 /* UserInterface.swift */ = {isa = PBXFileReference; lastKnownFileType = sourcecode.swift; path = UserInterface.swift; sourceTree = "<group>"; };
		1B1840C12AD59A9900A6335B /* DispatchSource.swift */ = {isa = PBXFileReference; lastKnownFileType = sourcecode.swift; path = DispatchSource.swift; sourceTree = "<group>"; };
		1B1840C42AD59AE300A6335B /* Launcher.swift */ = {isa = PBXFileReference; lastKnownFileType = sourcecode.swift; path = Launcher.swift; sourceTree = "<group>"; };
		1B1840C62AD59BD500A6335B /* csshx-Bridging-Header.h */ = {isa = PBXFileReference; lastKnownFileType = sourcecode.c.h; path = "csshx-Bridging-Header.h"; sourceTree = "<group>"; };
		1B1840CB2AD59C3E00A6335B /* Terminal.h */ = {isa = PBXFileReference; lastKnownFileType = sourcecode.c.h; path = Terminal.h; sourceTree = "<group>"; };
		1B1840CC2AD59CBB00A6335B /* Terminal.m */ = {isa = PBXFileReference; fileEncoding = 4; lastKnownFileType = sourcecode.c.objc; path = Terminal.m; sourceTree = "<group>"; };
		1B1840CF2AD59DB000A6335B /* ScriptingBridge.framework */ = {isa = PBXFileReference; lastKnownFileType = wrapper.framework; name = ScriptingBridge.framework; path = System/Library/Frameworks/ScriptingBridge.framework; sourceTree = SDKROOT; };
		1B1E7FD02ACCA2D1009BA975 /* csshx */ = {isa = PBXFileReference; explicitFileType = "compiled.mach-o.executable"; includeInIndex = 0; path = csshx; sourceTree = BUILT_PRODUCTS_DIR; };
		1B1E7FDA2ACCA2E6009BA975 /* Csshx.swift */ = {isa = PBXFileReference; lastKnownFileType = sourcecode.swift; path = Csshx.swift; sourceTree = "<group>"; };
		1B1E7FDF2ACCA607009BA975 /* csshX */ = {isa = PBXFileReference; lastKnownFileType = text.script.perl; path = csshX; sourceTree = "<group>"; };
		1B22989A2AD8818500DB0C31 /* Socket.swift */ = {isa = PBXFileReference; lastKnownFileType = sourcecode.swift; path = Socket.swift; sourceTree = "<group>"; };
		1B4245812AD4952700137DD8 /* Settings.swift */ = {isa = PBXFileReference; lastKnownFileType = sourcecode.swift; path = Settings.swift; sourceTree = "<group>"; };
		1B5F44002AD8A076003045E6 /* Bridge.m */ = {isa = PBXFileReference; lastKnownFileType = sourcecode.c.objc; path = Bridge.m; sourceTree = "<group>"; };
		1B5F44022AD8A3D5003045E6 /* Bridge.h */ = {isa = PBXFileReference; lastKnownFileType = sourcecode.c.h; path = Bridge.h; sourceTree = "<group>"; };
		1B5F94B92AE6FE7300F7D3B4 /* WindowLayoutManager.swift */ = {isa = PBXFileReference; lastKnownFileType = sourcecode.swift; path = WindowLayoutManager.swift; sourceTree = "<group>"; };
		1B5F94BB2AE7A4D900F7D3B4 /* Terminal+AEDesc.h */ = {isa = PBXFileReference; lastKnownFileType = sourcecode.c.h; path = "Terminal+AEDesc.h"; sourceTree = "<group>"; };
		1B5F94BC2AE7A4D900F7D3B4 /* Terminal+AEDesc.m */ = {isa = PBXFileReference; lastKnownFileType = sourcecode.c.objc; path = "Terminal+AEDesc.m"; sourceTree = "<group>"; };
		1B71D8B62AD764D0005CC0FE /* HostCommand.swift */ = {isa = PBXFileReference; lastKnownFileType = sourcecode.swift; path = HostCommand.swift; sourceTree = "<group>"; };
		1B71D8B82AD76535005CC0FE /* Misc.swift */ = {isa = PBXFileReference; lastKnownFileType = sourcecode.swift; path = Misc.swift; sourceTree = "<group>"; };
		1B7FA1042AE84EC900F447F4 /* WBAEFunctions.h */ = {isa = PBXFileReference; fileEncoding = 4; lastKnownFileType = sourcecode.c.h; path = WBAEFunctions.h; sourceTree = "<group>"; };
		1B7FA1052AE84EC900F447F4 /* WBAEFunctions.mm */ = {isa = PBXFileReference; fileEncoding = 4; lastKnownFileType = sourcecode.cpp.objcpp; path = WBAEFunctions.mm; sourceTree = "<group>"; };
		1B8A64A32ADB31440008DA98 /* ConfigReader.swift */ = {isa = PBXFileReference; lastKnownFileType = sourcecode.swift; path = ConfigReader.swift; sourceTree = "<group>"; };
		1B8E5DBD2AD5BE4700263910 /* Terminal.swift */ = {isa = PBXFileReference; lastKnownFileType = sourcecode.swift; path = Terminal.swift; sourceTree = "<group>"; };
		1B8E5DBF2AD5EAAF00263910 /* TerminalTab.swift */ = {isa = PBXFileReference; lastKnownFileType = sourcecode.swift; path = TerminalTab.swift; sourceTree = "<group>"; };
		1B8E5DC12AD5F4FA00263910 /* csshx.entitlements */ = {isa = PBXFileReference; lastKnownFileType = text.plist.entitlements; path = csshx.entitlements; sourceTree = "<group>"; };
		1B8E5DC22AD6018300263910 /* CGSPrivate.h */ = {isa = PBXFileReference; lastKnownFileType = sourcecode.c.h; path = CGSPrivate.h; sourceTree = "<group>"; };
		1B8F22FE2AE3C974000B4E93 /* FileReader.swift */ = {isa = PBXFileReference; lastKnownFileType = sourcecode.swift; path = FileReader.swift; sourceTree = "<group>"; };
		1B9CB9C82AD724D70053DF33 /* ControllerCommand.swift */ = {isa = PBXFileReference; lastKnownFileType = sourcecode.swift; path = ControllerCommand.swift; sourceTree = "<group>"; };
		1BA21F812ADDA3FA00F85A1E /* csshx-tests.xctest */ = {isa = PBXFileReference; explicitFileType = wrapper.cfbundle; includeInIndex = 0; path = "csshx-tests.xctest"; sourceTree = BUILT_PRODUCTS_DIR; };
		1BA21F832ADDA3FA00F85A1E /* csshx_tests.swift */ = {isa = PBXFileReference; lastKnownFileType = sourcecode.swift; path = csshx_tests.swift; sourceTree = "<group>"; };
		1BA21F8A2ADDA4D400F85A1E /* csshx.xctestplan */ = {isa = PBXFileReference; lastKnownFileType = text; path = csshx.xctestplan; sourceTree = "<group>"; };
		1BA8237A2AD0A032006913CF /* Arguments.swift */ = {isa = PBXFileReference; lastKnownFileType = sourcecode.swift; path = Arguments.swift; sourceTree = "<group>"; };
		1BAE2F1A2AE0591300DDFF02 /* Controller.swift */ = {isa = PBXFileReference; lastKnownFileType = sourcecode.swift; path = Controller.swift; sourceTree = "<group>"; };
		1BC523382ADDAEC200FF4FEC /* HostList.swift */ = {isa = PBXFileReference; lastKnownFileType = sourcecode.swift; path = HostList.swift; sourceTree = "<group>"; };
		1BC5233D2ADDAF1300FF4FEC /* HostListTests.swift */ = {isa = PBXFileReference; lastKnownFileType = sourcecode.swift; path = HostListTests.swift; sourceTree = "<group>"; };
		1BDD546C2AED7CBA0021BE00 /* LayoutManager.swift */ = {isa = PBXFileReference; lastKnownFileType = sourcecode.swift; path = LayoutManager.swift; sourceTree = "<group>"; };
/* End PBXFileReference section */

/* Begin PBXFrameworksBuildPhase section */
		1B1E7FCD2ACCA2D1009BA975 /* Frameworks */ = {
			isa = PBXFrameworksBuildPhase;
			buildActionMask = 2147483647;
			files = (
				1B1840D02AD59DB000A6335B /* ScriptingBridge.framework in Frameworks */,
				1B8F23022AE3C9FB000B4E93 /* SystemPackage in Frameworks */,
				1B1E7FDE2ACCA391009BA975 /* ArgumentParser in Frameworks */,
			);
			runOnlyForDeploymentPostprocessing = 0;
		};
		1BA21F7E2ADDA3FA00F85A1E /* Frameworks */ = {
			isa = PBXFrameworksBuildPhase;
			buildActionMask = 2147483647;
			files = (
			);
			runOnlyForDeploymentPostprocessing = 0;
		};
/* End PBXFrameworksBuildPhase section */

/* Begin PBXGroup section */
		1B14A5B92AE7E5FC0013AB38 /* controller */ = {
			isa = PBXGroup;
			children = (
				1BAE2F1A2AE0591300DDFF02 /* Controller.swift */,
				1B14A5BA2AE7E66B0013AB38 /* HostWindow.swift */,
				1B14A5BC2AE7F6250013AB38 /* UserInterface.swift */,
				1B5F94B92AE6FE7300F7D3B4 /* WindowLayoutManager.swift */,
			);
			path = controller;
			sourceTree = "<group>";
		};
		1B1840C02AD59A7F00A6335B /* utils */ = {
			isa = PBXGroup;
			children = (
				1B1840C12AD59A9900A6335B /* DispatchSource.swift */,
				1B8E5DBD2AD5BE4700263910 /* Terminal.swift */,
				1B8E5DBF2AD5EAAF00263910 /* TerminalTab.swift */,
				1B71D8B82AD76535005CC0FE /* Misc.swift */,
				1B22989A2AD8818500DB0C31 /* Socket.swift */,
				1BC523382ADDAEC200FF4FEC /* HostList.swift */,
				1B8F22FE2AE3C974000B4E93 /* FileReader.swift */,
			);
			path = utils;
			sourceTree = "<group>";
		};
		1B1840C32AD59AD800A6335B /* cmd */ = {
			isa = PBXGroup;
			children = (
				1BA8237A2AD0A032006913CF /* Arguments.swift */,
				1B1840C42AD59AE300A6335B /* Launcher.swift */,
				1B71D8B62AD764D0005CC0FE /* HostCommand.swift */,
				1B9CB9C82AD724D70053DF33 /* ControllerCommand.swift */,
			);
			path = cmd;
			sourceTree = "<group>";
		};
		1B1840CE2AD59DB000A6335B /* Frameworks */ = {
			isa = PBXGroup;
			children = (
				1B1840CF2AD59DB000A6335B /* ScriptingBridge.framework */,
			);
			name = Frameworks;
			sourceTree = "<group>";
		};
		1B1E7FC72ACCA2D1009BA975 = {
			isa = PBXGroup;
			children = (
				1BA21F8A2ADDA4D400F85A1E /* csshx.xctestplan */,
				1B021A682AD9510E00255894 /* README.md */,
				1B1E7FD22ACCA2D1009BA975 /* csshx */,
				1BA21F822ADDA3FA00F85A1E /* csshx-tests */,
				1B1E7FD12ACCA2D1009BA975 /* Products */,
				1B1840CE2AD59DB000A6335B /* Frameworks */,
			);
			sourceTree = "<group>";
		};
		1B1E7FD12ACCA2D1009BA975 /* Products */ = {
			isa = PBXGroup;
			children = (
				1B1E7FD02ACCA2D1009BA975 /* csshx */,
				1BA21F812ADDA3FA00F85A1E /* csshx-tests.xctest */,
			);
			name = Products;
			sourceTree = "<group>";
		};
		1B1E7FD22ACCA2D1009BA975 /* csshx */ = {
			isa = PBXGroup;
			children = (
				1B1E7FDF2ACCA607009BA975 /* csshX */,
				1B8E5DC12AD5F4FA00263910 /* csshx.entitlements */,
				1B1840C32AD59AD800A6335B /* cmd */,
				1B14A5B92AE7E5FC0013AB38 /* controller */,
				1B1840C02AD59A7F00A6335B /* utils */,
				1B1E7FDA2ACCA2E6009BA975 /* Csshx.swift */,
				1B4245812AD4952700137DD8 /* Settings.swift */,
				1B8A64A32ADB31440008DA98 /* ConfigReader.swift */,
				1B8E5DC22AD6018300263910 /* CGSPrivate.h */,
				1B1840CB2AD59C3E00A6335B /* Terminal.h */,
				1B5F44022AD8A3D5003045E6 /* Bridge.h */,
				1B5F44002AD8A076003045E6 /* Bridge.m */,
				1B1840CC2AD59CBB00A6335B /* Terminal.m */,
				1B7FA1042AE84EC900F447F4 /* WBAEFunctions.h */,
				1B7FA1052AE84EC900F447F4 /* WBAEFunctions.mm */,
				1B5F94BB2AE7A4D900F7D3B4 /* Terminal+AEDesc.h */,
				1B5F94BC2AE7A4D900F7D3B4 /* Terminal+AEDesc.m */,
				1B1840C62AD59BD500A6335B /* csshx-Bridging-Header.h */,
			);
			path = csshx;
			sourceTree = "<group>";
		};
		1BA21F822ADDA3FA00F85A1E /* csshx-tests */ = {
			isa = PBXGroup;
			children = (
				1BA21F832ADDA3FA00F85A1E /* csshx_tests.swift */,
				1BC5233D2ADDAF1300FF4FEC /* HostListTests.swift */,
				1BDD546C2AED7CBA0021BE00 /* LayoutManager.swift */,
			);
			path = "csshx-tests";
			sourceTree = "<group>";
		};
/* End PBXGroup section */

/* Begin PBXNativeTarget section */
		1B1E7FCF2ACCA2D1009BA975 /* csshx */ = {
			isa = PBXNativeTarget;
			buildConfigurationList = 1B1E7FD72ACCA2D1009BA975 /* Build configuration list for PBXNativeTarget "csshx" */;
			buildPhases = (
				1B1E7FCC2ACCA2D1009BA975 /* Sources */,
				1B1E7FCD2ACCA2D1009BA975 /* Frameworks */,
				1B1E7FCE2ACCA2D1009BA975 /* CopyFiles */,
			);
			buildRules = (
			);
			dependencies = (
			);
			name = csshx;
			packageProductDependencies = (
				1B1E7FDD2ACCA391009BA975 /* ArgumentParser */,
				1B8F23012AE3C9FB000B4E93 /* SystemPackage */,
			);
			productName = csshx;
			productReference = 1B1E7FD02ACCA2D1009BA975 /* csshx */;
			productType = "com.apple.product-type.tool";
		};
		1BA21F802ADDA3FA00F85A1E /* csshx-tests */ = {
			isa = PBXNativeTarget;
			buildConfigurationList = 1BA21F872ADDA3FA00F85A1E /* Build configuration list for PBXNativeTarget "csshx-tests" */;
			buildPhases = (
				1BA21F7D2ADDA3FA00F85A1E /* Sources */,
				1BA21F7E2ADDA3FA00F85A1E /* Frameworks */,
				1BA21F7F2ADDA3FA00F85A1E /* Resources */,
			);
			buildRules = (
			);
			dependencies = (
			);
			name = "csshx-tests";
			productName = "csshx-tests";
			productReference = 1BA21F812ADDA3FA00F85A1E /* csshx-tests.xctest */;
			productType = "com.apple.product-type.bundle.unit-test";
		};
/* End PBXNativeTarget section */

/* Begin PBXProject section */
		1B1E7FC82ACCA2D1009BA975 /* Project object */ = {
			isa = PBXProject;
			attributes = {
				BuildIndependentTargetsInParallel = 1;
				LastSwiftUpdateCheck = 1500;
				LastUpgradeCheck = 1500;
				TargetAttributes = {
					1B1E7FCF2ACCA2D1009BA975 = {
						CreatedOnToolsVersion = 15.0;
						LastSwiftMigration = 1500;
					};
					1BA21F802ADDA3FA00F85A1E = {
						CreatedOnToolsVersion = 15.0;
					};
				};
			};
			buildConfigurationList = 1B1E7FCB2ACCA2D1009BA975 /* Build configuration list for PBXProject "csshx" */;
			compatibilityVersion = "Xcode 14.0";
			developmentRegion = en;
			hasScannedForEncodings = 0;
			knownRegions = (
				en,
				Base,
			);
			mainGroup = 1B1E7FC72ACCA2D1009BA975;
			packageReferences = (
				1B1E7FDC2ACCA391009BA975 /* XCRemoteSwiftPackageReference "swift-argument-parser" */,
				1B8F23002AE3C9FB000B4E93 /* XCRemoteSwiftPackageReference "swift-system" */,
			);
			productRefGroup = 1B1E7FD12ACCA2D1009BA975 /* Products */;
			projectDirPath = "";
			projectRoot = "";
			targets = (
				1B1E7FCF2ACCA2D1009BA975 /* csshx */,
				1BA21F802ADDA3FA00F85A1E /* csshx-tests */,
			);
		};
/* End PBXProject section */

/* Begin PBXResourcesBuildPhase section */
		1BA21F7F2ADDA3FA00F85A1E /* Resources */ = {
			isa = PBXResourcesBuildPhase;
			buildActionMask = 2147483647;
			files = (
			);
			runOnlyForDeploymentPostprocessing = 0;
		};
/* End PBXResourcesBuildPhase section */

/* Begin PBXSourcesBuildPhase section */
		1B1E7FCC2ACCA2D1009BA975 /* Sources */ = {
			isa = PBXSourcesBuildPhase;
			buildActionMask = 2147483647;
			files = (
				1B1E7FDB2ACCA2E6009BA975 /* Csshx.swift in Sources */,
				1B8E5DC02AD5EAAF00263910 /* TerminalTab.swift in Sources */,
				1B5F44012AD8A076003045E6 /* Bridge.m in Sources */,
				1BC523392ADDAEC200FF4FEC /* HostList.swift in Sources */,
				1B7FA1062AE84EC900F447F4 /* WBAEFunctions.mm in Sources */,
				1B9CB9C92AD724D70053DF33 /* ControllerCommand.swift in Sources */,
				1B5F94BA2AE6FE7300F7D3B4 /* WindowLayoutManager.swift in Sources */,
				1BAE2F1B2AE0591300DDFF02 /* Controller.swift in Sources */,
				1B71D8B72AD764D0005CC0FE /* HostCommand.swift in Sources */,
				1B1840C52AD59AE300A6335B /* Launcher.swift in Sources */,
				1B71D8B92AD76535005CC0FE /* Misc.swift in Sources */,
				1B1840C22AD59A9900A6335B /* DispatchSource.swift in Sources */,
				1BA8237B2AD0A032006913CF /* Arguments.swift in Sources */,
				1B22989B2AD8818500DB0C31 /* Socket.swift in Sources */,
				1B8F22FF2AE3C974000B4E93 /* FileReader.swift in Sources */,
				1B7FA1072AE8531100F447F4 /* Terminal+AEDesc.m in Sources */,
				1B14A5BD2AE7F6250013AB38 /* UserInterface.swift in Sources */,
				1B4245822AD4952700137DD8 /* Settings.swift in Sources */,
				1B14A5BB2AE7E66B0013AB38 /* HostWindow.swift in Sources */,
				1B8E5DBE2AD5BE4700263910 /* Terminal.swift in Sources */,
				1B1840CD2AD59CBB00A6335B /* Terminal.m in Sources */,
				1B8A64A42ADB31440008DA98 /* ConfigReader.swift in Sources */,
			);
			runOnlyForDeploymentPostprocessing = 0;
		};
		1BA21F7D2ADDA3FA00F85A1E /* Sources */ = {
			isa = PBXSourcesBuildPhase;
			buildActionMask = 2147483647;
			files = (
				1BDD546D2AED7CBA0021BE00 /* LayoutManager.swift in Sources */,
				1BA21F842ADDA3FA00F85A1E /* csshx_tests.swift in Sources */,
				1BDD54722AED7F6C0021BE00 /* FileReader.swift in Sources */,
				1BC5233A2ADDAEE700FF4FEC /* HostList.swift in Sources */,
				1BA21F892ADDA44A00F85A1E /* Misc.swift in Sources */,
				1BC5233E2ADDAF1300FF4FEC /* HostListTests.swift in Sources */,
				1BDD546F2AED7DAB0021BE00 /* Terminal.swift in Sources */,
			);
			runOnlyForDeploymentPostprocessing = 0;
		};
/* End PBXSourcesBuildPhase section */

/* Begin XCBuildConfiguration section */
		1B1E7FD52ACCA2D1009BA975 /* Debug */ = {
			isa = XCBuildConfiguration;
			buildSettings = {
				ALWAYS_SEARCH_USER_PATHS = NO;
				ASSETCATALOG_COMPILER_GENERATE_SWIFT_ASSET_SYMBOL_EXTENSIONS = YES;
				CLANG_ANALYZER_NONNULL = YES;
				CLANG_ANALYZER_NUMBER_OBJECT_CONVERSION = YES_AGGRESSIVE;
				CLANG_CXX_LANGUAGE_STANDARD = "gnu++20";
				CLANG_ENABLE_MODULES = YES;
				CLANG_ENABLE_OBJC_ARC = YES;
				CLANG_ENABLE_OBJC_WEAK = YES;
				CLANG_WARN_BLOCK_CAPTURE_AUTORELEASING = YES;
				CLANG_WARN_BOOL_CONVERSION = YES;
				CLANG_WARN_COMMA = YES;
				CLANG_WARN_CONSTANT_CONVERSION = YES;
				CLANG_WARN_DEPRECATED_OBJC_IMPLEMENTATIONS = YES;
				CLANG_WARN_DIRECT_OBJC_ISA_USAGE = YES_ERROR;
				CLANG_WARN_DOCUMENTATION_COMMENTS = YES;
				CLANG_WARN_EMPTY_BODY = YES;
				CLANG_WARN_ENUM_CONVERSION = YES;
				CLANG_WARN_INFINITE_RECURSION = YES;
				CLANG_WARN_INT_CONVERSION = YES;
				CLANG_WARN_NON_LITERAL_NULL_CONVERSION = YES;
				CLANG_WARN_OBJC_IMPLICIT_RETAIN_SELF = YES;
				CLANG_WARN_OBJC_LITERAL_CONVERSION = YES;
				CLANG_WARN_OBJC_ROOT_CLASS = YES_ERROR;
				CLANG_WARN_QUOTED_INCLUDE_IN_FRAMEWORK_HEADER = YES;
				CLANG_WARN_RANGE_LOOP_ANALYSIS = YES;
				CLANG_WARN_STRICT_PROTOTYPES = YES;
				CLANG_WARN_SUSPICIOUS_MOVE = YES;
				CLANG_WARN_UNGUARDED_AVAILABILITY = YES_AGGRESSIVE;
				CLANG_WARN_UNREACHABLE_CODE = YES;
				CLANG_WARN__DUPLICATE_METHOD_MATCH = YES;
				COPY_PHASE_STRIP = NO;
				DEBUG_INFORMATION_FORMAT = dwarf;
				ENABLE_STRICT_OBJC_MSGSEND = YES;
				ENABLE_TESTABILITY = YES;
				ENABLE_USER_SCRIPT_SANDBOXING = YES;
				GCC_C_LANGUAGE_STANDARD = gnu17;
				GCC_DYNAMIC_NO_PIC = NO;
				GCC_NO_COMMON_BLOCKS = YES;
				GCC_OPTIMIZATION_LEVEL = 0;
				GCC_PREPROCESSOR_DEFINITIONS = (
					"DEBUG=1",
					"$(inherited)",
				);
				GCC_WARN_64_TO_32_BIT_CONVERSION = YES;
				GCC_WARN_ABOUT_RETURN_TYPE = YES_ERROR;
				GCC_WARN_UNDECLARED_SELECTOR = YES;
				GCC_WARN_UNINITIALIZED_AUTOS = YES_AGGRESSIVE;
				GCC_WARN_UNUSED_FUNCTION = YES;
				GCC_WARN_UNUSED_VARIABLE = YES;
				LOCALIZATION_PREFERS_STRING_CATALOGS = YES;
				MACOSX_DEPLOYMENT_TARGET = 14.0;
				MTL_ENABLE_DEBUG_INFO = INCLUDE_SOURCE;
				MTL_FAST_MATH = YES;
				ONLY_ACTIVE_ARCH = YES;
				SDKROOT = macosx;
				SWIFT_ACTIVE_COMPILATION_CONDITIONS = "DEBUG $(inherited)";
				SWIFT_OPTIMIZATION_LEVEL = "-Onone";
			};
			name = Debug;
		};
		1B1E7FD62ACCA2D1009BA975 /* Release */ = {
			isa = XCBuildConfiguration;
			buildSettings = {
				ALWAYS_SEARCH_USER_PATHS = NO;
				ASSETCATALOG_COMPILER_GENERATE_SWIFT_ASSET_SYMBOL_EXTENSIONS = YES;
				CLANG_ANALYZER_NONNULL = YES;
				CLANG_ANALYZER_NUMBER_OBJECT_CONVERSION = YES_AGGRESSIVE;
				CLANG_CXX_LANGUAGE_STANDARD = "gnu++20";
				CLANG_ENABLE_MODULES = YES;
				CLANG_ENABLE_OBJC_ARC = YES;
				CLANG_ENABLE_OBJC_WEAK = YES;
				CLANG_WARN_BLOCK_CAPTURE_AUTORELEASING = YES;
				CLANG_WARN_BOOL_CONVERSION = YES;
				CLANG_WARN_COMMA = YES;
				CLANG_WARN_CONSTANT_CONVERSION = YES;
				CLANG_WARN_DEPRECATED_OBJC_IMPLEMENTATIONS = YES;
				CLANG_WARN_DIRECT_OBJC_ISA_USAGE = YES_ERROR;
				CLANG_WARN_DOCUMENTATION_COMMENTS = YES;
				CLANG_WARN_EMPTY_BODY = YES;
				CLANG_WARN_ENUM_CONVERSION = YES;
				CLANG_WARN_INFINITE_RECURSION = YES;
				CLANG_WARN_INT_CONVERSION = YES;
				CLANG_WARN_NON_LITERAL_NULL_CONVERSION = YES;
				CLANG_WARN_OBJC_IMPLICIT_RETAIN_SELF = YES;
				CLANG_WARN_OBJC_LITERAL_CONVERSION = YES;
				CLANG_WARN_OBJC_ROOT_CLASS = YES_ERROR;
				CLANG_WARN_QUOTED_INCLUDE_IN_FRAMEWORK_HEADER = YES;
				CLANG_WARN_RANGE_LOOP_ANALYSIS = YES;
				CLANG_WARN_STRICT_PROTOTYPES = YES;
				CLANG_WARN_SUSPICIOUS_MOVE = YES;
				CLANG_WARN_UNGUARDED_AVAILABILITY = YES_AGGRESSIVE;
				CLANG_WARN_UNREACHABLE_CODE = YES;
				CLANG_WARN__DUPLICATE_METHOD_MATCH = YES;
				COPY_PHASE_STRIP = NO;
				DEBUG_INFORMATION_FORMAT = "dwarf-with-dsym";
				ENABLE_NS_ASSERTIONS = NO;
				ENABLE_STRICT_OBJC_MSGSEND = YES;
				ENABLE_USER_SCRIPT_SANDBOXING = YES;
				GCC_C_LANGUAGE_STANDARD = gnu17;
				GCC_NO_COMMON_BLOCKS = YES;
				GCC_WARN_64_TO_32_BIT_CONVERSION = YES;
				GCC_WARN_ABOUT_RETURN_TYPE = YES_ERROR;
				GCC_WARN_UNDECLARED_SELECTOR = YES;
				GCC_WARN_UNINITIALIZED_AUTOS = YES_AGGRESSIVE;
				GCC_WARN_UNUSED_FUNCTION = YES;
				GCC_WARN_UNUSED_VARIABLE = YES;
				LOCALIZATION_PREFERS_STRING_CATALOGS = YES;
				MACOSX_DEPLOYMENT_TARGET = 14.0;
				MTL_ENABLE_DEBUG_INFO = NO;
				MTL_FAST_MATH = YES;
				SDKROOT = macosx;
				SWIFT_COMPILATION_MODE = wholemodule;
			};
			name = Release;
		};
		1B1E7FD82ACCA2D1009BA975 /* Debug */ = {
			isa = XCBuildConfiguration;
			buildSettings = {
				CLANG_ENABLE_MODULES = YES;
				CODE_SIGN_ENTITLEMENTS = csshx/csshx.entitlements;
				"CODE_SIGN_IDENTITY[sdk=macosx*]" = "Apple Development";
				CODE_SIGN_STYLE = Automatic;
				DEVELOPMENT_TEAM = 3DT6DNJE39;
				ENABLE_HARDENED_RUNTIME = YES;
				PRODUCT_BUNDLE_IDENTIFIER = com.xenonium.csshx;
				PRODUCT_NAME = "$(TARGET_NAME)";
				SWIFT_OBJC_BRIDGING_HEADER = "csshx/csshx-Bridging-Header.h";
				SWIFT_OPTIMIZATION_LEVEL = "-Onone";
				SWIFT_VERSION = 5.0;
			};
			name = Debug;
		};
		1B1E7FD92ACCA2D1009BA975 /* Release */ = {
			isa = XCBuildConfiguration;
			buildSettings = {
				CLANG_ENABLE_MODULES = YES;
				CODE_SIGN_ENTITLEMENTS = csshx/csshx.entitlements;
				"CODE_SIGN_IDENTITY[sdk=macosx*]" = "Apple Development";
				CODE_SIGN_STYLE = Automatic;
				DEVELOPMENT_TEAM = 3DT6DNJE39;
				ENABLE_HARDENED_RUNTIME = YES;
				PRODUCT_BUNDLE_IDENTIFIER = com.xenonium.csshx;
				PRODUCT_NAME = "$(TARGET_NAME)";
				SWIFT_OBJC_BRIDGING_HEADER = "csshx/csshx-Bridging-Header.h";
				SWIFT_VERSION = 5.0;
			};
			name = Release;
		};
		1BA21F852ADDA3FA00F85A1E /* Debug */ = {
			isa = XCBuildConfiguration;
			buildSettings = {
				CODE_SIGN_STYLE = Automatic;
				CURRENT_PROJECT_VERSION = 1;
				DEVELOPMENT_TEAM = 3DT6DNJE39;
				GENERATE_INFOPLIST_FILE = YES;
				MARKETING_VERSION = 1.0;
				PRODUCT_BUNDLE_IDENTIFIER = "com.xenonium.csshx-tests";
				PRODUCT_NAME = "$(TARGET_NAME)";
				SWIFT_EMIT_LOC_STRINGS = NO;
				SWIFT_VERSION = 5.0;
			};
			name = Debug;
		};
		1BA21F862ADDA3FA00F85A1E /* Release */ = {
			isa = XCBuildConfiguration;
			buildSettings = {
				CODE_SIGN_STYLE = Automatic;
				CURRENT_PROJECT_VERSION = 1;
				DEVELOPMENT_TEAM = 3DT6DNJE39;
				GENERATE_INFOPLIST_FILE = YES;
				MARKETING_VERSION = 1.0;
				PRODUCT_BUNDLE_IDENTIFIER = "com.xenonium.csshx-tests";
				PRODUCT_NAME = "$(TARGET_NAME)";
				SWIFT_EMIT_LOC_STRINGS = NO;
				SWIFT_VERSION = 5.0;
			};
			name = Release;
		};
/* End XCBuildConfiguration section */

/* Begin XCConfigurationList section */
		1B1E7FCB2ACCA2D1009BA975 /* Build configuration list for PBXProject "csshx" */ = {
			isa = XCConfigurationList;
			buildConfigurations = (
				1B1E7FD52ACCA2D1009BA975 /* Debug */,
				1B1E7FD62ACCA2D1009BA975 /* Release */,
			);
			defaultConfigurationIsVisible = 0;
			defaultConfigurationName = Release;
		};
		1B1E7FD72ACCA2D1009BA975 /* Build configuration list for PBXNativeTarget "csshx" */ = {
			isa = XCConfigurationList;
			buildConfigurations = (
				1B1E7FD82ACCA2D1009BA975 /* Debug */,
				1B1E7FD92ACCA2D1009BA975 /* Release */,
			);
			defaultConfigurationIsVisible = 0;
			defaultConfigurationName = Release;
		};
		1BA21F872ADDA3FA00F85A1E /* Build configuration list for PBXNativeTarget "csshx-tests" */ = {
			isa = XCConfigurationList;
			buildConfigurations = (
				1BA21F852ADDA3FA00F85A1E /* Debug */,
				1BA21F862ADDA3FA00F85A1E /* Release */,
			);
			defaultConfigurationIsVisible = 0;
			defaultConfigurationName = Release;
		};
/* End XCConfigurationList section */

/* Begin XCRemoteSwiftPackageReference section */
		1B1E7FDC2ACCA391009BA975 /* XCRemoteSwiftPackageReference "swift-argument-parser" */ = {
			isa = XCRemoteSwiftPackageReference;
			repositoryURL = "https://github.com/apple/swift-argument-parser.git";
			requirement = {
				kind = upToNextMajorVersion;
				minimumVersion = 1.2.3;
			};
		};
		1B8F23002AE3C9FB000B4E93 /* XCRemoteSwiftPackageReference "swift-system" */ = {
			isa = XCRemoteSwiftPackageReference;
			repositoryURL = "https://github.com/apple/swift-system.git";
			requirement = {
				kind = upToNextMajorVersion;
				minimumVersion = 1.2.1;
			};
		};
/* End XCRemoteSwiftPackageReference section */

/* Begin XCSwiftPackageProductDependency section */
		1B1E7FDD2ACCA391009BA975 /* ArgumentParser */ = {
			isa = XCSwiftPackageProductDependency;
			package = 1B1E7FDC2ACCA391009BA975 /* XCRemoteSwiftPackageReference "swift-argument-parser" */;
			productName = ArgumentParser;
		};
		1B8F23012AE3C9FB000B4E93 /* SystemPackage */ = {
			isa = XCSwiftPackageProductDependency;
			package = 1B8F23002AE3C9FB000B4E93 /* XCRemoteSwiftPackageReference "swift-system" */;
			productName = SystemPackage;
		};
/* End XCSwiftPackageProductDependency section */
	};
	rootObject = 1B1E7FC82ACCA2D1009BA975 /* Project object */;
}
